
Microsoft Visual Studio Solution File, Format Version 12.00
# Visual Studio Version 17
VisualStudioVersion = 17.3.32922.545
MinimumVisualStudioVersion = 10.0.40219.1
Project("{9A19103F-16F7-4668-BE54-9A1E7A4F7556}") = "ApiBlazorShop", "ApiBlazorShop\ApiBlazorShop.csproj", "{63D17904-DFFB-4D15-A1BB-014F4A5B6E7D}"
EndProject
Project("{9A19103F-16F7-4668-BE54-9A1E7A4F7556}") = "DataAccess", "DataAccess\DataAccess.csproj", "{3A3B0C28-E74A-4711-90F1-6C42C8BACEE2}"
EndProject
Project("{9A19103F-16F7-4668-BE54-9A1E7A4F7556}") = "BlazorAppShop", "BlazorAppShop\BlazorAppShop.csproj", "{3208FACD-5639-4DC3-A6BF-DB177DCB09D1}"
EndProject
Global
	GlobalSection(SolutionConfigurationPlatforms) = preSolution
		Debug|Any CPU = Debug|Any CPU
		Release|Any CPU = Release|Any CPU
	EndGlobalSection
	GlobalSection(ProjectConfigurationPlatforms) = postSolution
		{63D17904-DFFB-4D15-A1BB-014F4A5B6E7D}.Debug|Any CPU.ActiveCfg = Debug|Any CPU
		{63D17904-DFFB-4D15-A1BB-014F4A5B6E7D}.Debug|Any CPU.Build.0 = Debug|Any CPU
		{63D17904-DFFB-4D15-A1BB-014F4A5B6E7D}.Release|Any CPU.ActiveCfg = Release|Any CPU
		{63D17904-DFFB-4D15-A1BB-014F4A5B6E7D}.Release|Any CPU.Build.0 = Release|Any CPU
		{3A3B0C28-E74A-4711-90F1-6C42C8BACEE2}.Debug|Any CPU.ActiveCfg = Debug|Any CPU
		{3A3B0C28-E74A-4711-90F1-6C42C8BACEE2}.Debug|Any CPU.Build.0 = Debug|Any CPU
		{3A3B0C28-E74A-4711-90F1-6C42C8BACEE2}.Release|Any CPU.ActiveCfg = Release|Any CPU
		{3A3B0C28-E74A-4711-90F1-6C42C8BACEE2}.Release|Any CPU.Build.0 = Release|Any CPU
		{3208FACD-5639-4DC3-A6BF-DB177DCB09D1}.Debug|Any CPU.ActiveCfg = Debug|Any CPU
		{3208FACD-5639-4DC3-A6BF-DB177DCB09D1}.Debug|Any CPU.Build.0 = Debug|Any CPU
		{3208FACD-5639-4DC3-A6BF-DB177DCB09D1}.Release|Any CPU.ActiveCfg = Release|Any CPU
		{3208FACD-5639-4DC3-A6BF-DB177DCB09D1}.Release|Any CPU.Build.0 = Release|Any CPU
	EndGlobalSection
	GlobalSection(SolutionProperties) = preSolution
		HideSolutionNode = FALSE
	EndGlobalSection
	GlobalSection(ExtensibilityGlobals) = postSolution
		SolutionGuid = {101D9FC0-8F98-4E80-A3CC-63874DDF3930}
	EndGlobalSection
EndGlobal
